
Microsoft Visual Studio Solution File, Format Version 12.00
# Visual Studio 15
VisualStudioVersion = 15.0.28307.1062
MinimumVisualStudioVersion = 10.0.40219.1
Project("{FAE04EC0-301F-11D3-BF4B-00C04F79EFBC}") = "Hello", "Hello\Hello.csproj", "{3475AE4D-86BB-4A2D-AD5A-60D098F66B93}"
EndProject
Global
	GlobalSection(SolutionConfigurationPlatforms) = preSolution
		Debug|Any CPU = Debug|Any CPU
		Release|Any CPU = Release|Any CPU
	EndGlobalSection
	GlobalSection(ProjectConfigurationPlatforms) = postSolution
		{3475AE4D-86BB-4A2D-AD5A-60D098F66B93}.Debug|Any CPU.ActiveCfg = Debug|Any CPU
		{3475AE4D-86BB-4A2D-AD5A-60D098F66B93}.Debug|Any CPU.Build.0 = Debug|Any CPU
		{3475AE4D-86BB-4A2D-AD5A-60D098F66B93}.Release|Any CPU.ActiveCfg = Release|Any CPU
		{3475AE4D-86BB-4A2D-AD5A-60D098F66B93}.Release|Any CPU.Build.0 = Release|Any CPU
	EndGlobalSection
	GlobalSection(SolutionProperties) = preSolution
		HideSolutionNode = FALSE
	EndGlobalSection
	GlobalSection(ExtensibilityGlobals) = postSolution
		SolutionGuid = {1F13904C-3F92-4E03-8E30-B1C49A91EE19}
	EndGlobalSection
EndGlobal
